
Microsoft Visual Studio Solution File, Format Version 12.00
# Visual Studio Version 16
VisualStudioVersion = 16.0.31105.61
MinimumVisualStudioVersion = 10.0.40219.1
Project("{FAE04EC0-301F-11D3-BF4B-00C04F79EFBC}") = "Zad5AddingService", "Zad5AddingService.csproj", "{3643F5C7-6D68-4D4A-B9C7-D6CF21B1531E}"
EndProject
Global
	GlobalSection(SolutionConfigurationPlatforms) = preSolution
		Debug|Any CPU = Debug|Any CPU
		Release|Any CPU = Release|Any CPU
	EndGlobalSection
	GlobalSection(ProjectConfigurationPlatforms) = postSolution
		{3643F5C7-6D68-4D4A-B9C7-D6CF21B1531E}.Debug|Any CPU.ActiveCfg = Debug|Any CPU
		{3643F5C7-6D68-4D4A-B9C7-D6CF21B1531E}.Debug|Any CPU.Build.0 = Debug|Any CPU
		{3643F5C7-6D68-4D4A-B9C7-D6CF21B1531E}.Release|Any CPU.ActiveCfg = Release|Any CPU
		{3643F5C7-6D68-4D4A-B9C7-D6CF21B1531E}.Release|Any CPU.Build.0 = Release|Any CPU
	EndGlobalSection
	GlobalSection(SolutionProperties) = preSolution
		HideSolutionNode = FALSE
	EndGlobalSection
	GlobalSection(ExtensibilityGlobals) = postSolution
		SolutionGuid = {A0D92DDA-3076-4EBD-A21B-837278CAF93A}
	EndGlobalSection
EndGlobal
